// !$*UTF8*$!
{
	archiveVersion = 1;
	classes = {
	};
	objectVersion = 46;
	objects = {

/* Begin PBXBuildFile section */
		4B0CDFBD1A9D22EC00322808 /* AppDelegate.m in Sources */ = {isa = PBXBuildFile; fileRef = 4B0CDFBC1A9D22EC00322808 /* AppDelegate.m */; };
		4B0CDFBF1A9D22EC00322808 /* main.m in Sources */ = {isa = PBXBuildFile; fileRef = 4B0CDFBE1A9D22EC00322808 /* main.m */; };
		4B0CDFC21A9D22EC00322808 /* ViewController.m in Sources */ = {isa = PBXBuildFile; fileRef = 4B0CDFC11A9D22EC00322808 /* ViewController.m */; };
		4B0CDFC41A9D22EC00322808 /* Images.xcassets in Resources */ = {isa = PBXBuildFile; fileRef = 4B0CDFC31A9D22EC00322808 /* Images.xcassets */; };
		4B0CDFC71A9D22EC00322808 /* Main.storyboard in Resources */ = {isa = PBXBuildFile; fileRef = 4B0CDFC51A9D22EC00322808 /* Main.storyboard */; };
		4B0CDFD31A9D22EC00322808 /* sanatraTests.m in Sources */ = {isa = PBXBuildFile; fileRef = 4B0CDFD21A9D22EC00322808 /* sanatraTests.m */; };
		4B0CDFDD1A9D24A000322808 /* WebKit.framework in Frameworks */ = {isa = PBXBuildFile; fileRef = 4B0CDFDC1A9D24A000322808 /* WebKit.framework */; };
/* End PBXBuildFile section */

/* Begin PBXContainerItemProxy section */
		4B0CDFCD1A9D22EC00322808 /* PBXContainerItemProxy */ = {
			isa = PBXContainerItemProxy;
			containerPortal = 4B0CDFAE1A9D22EB00322808 /* Project object */;
			proxyType = 1;
			remoteGlobalIDString = 4B0CDFB51A9D22EB00322808;
			remoteInfo = sanatra;
		};
/* End PBXContainerItemProxy section */

/* Begin PBXFileReference section */
		4B0CDFB61A9D22EC00322808 /* sanatra.app */ = {isa = PBXFileReference; explicitFileType = wrapper.application; includeInIndex = 0; path = sanatra.app; sourceTree = BUILT_PRODUCTS_DIR; };
		4B0CDFBA1A9D22EC00322808 /* Info.plist */ = {isa = PBXFileReference; lastKnownFileType = text.plist.xml; path = Info.plist; sourceTree = "<group>"; };
		4B0CDFBB1A9D22EC00322808 /* AppDelegate.h */ = {isa = PBXFileReference; lastKnownFileType = sourcecode.c.h; path = AppDelegate.h; sourceTree = "<group>"; };
		4B0CDFBC1A9D22EC00322808 /* AppDelegate.m */ = {isa = PBXFileReference; lastKnownFileType = sourcecode.c.objc; path = AppDelegate.m; sourceTree = "<group>"; };
		4B0CDFBE1A9D22EC00322808 /* main.m */ = {isa = PBXFileReference; lastKnownFileType = sourcecode.c.objc; path = main.m; sourceTree = "<group>"; };
		4B0CDFC01A9D22EC00322808 /* ViewController.h */ = {isa = PBXFileReference; lastKnownFileType = sourcecode.c.h; path = ViewController.h; sourceTree = "<group>"; };
		4B0CDFC11A9D22EC00322808 /* ViewController.m */ = {isa = PBXFileReference; lastKnownFileType = sourcecode.c.objc; path = ViewController.m; sourceTree = "<group>"; };
		4B0CDFC31A9D22EC00322808 /* Images.xcassets */ = {isa = PBXFileReference; lastKnownFileType = folder.assetcatalog; path = Images.xcassets; sourceTree = "<group>"; };
		4B0CDFC61A9D22EC00322808 /* Base */ = {isa = PBXFileReference; lastKnownFileType = file.storyboard; name = Base; path = Base.lproj/Main.storyboard; sourceTree = "<group>"; };
		4B0CDFCC1A9D22EC00322808 /* sanatraTests.xctest */ = {isa = PBXFileReference; explicitFileType = wrapper.cfbundle; includeInIndex = 0; path = sanatraTests.xctest; sourceTree = BUILT_PRODUCTS_DIR; };
		4B0CDFD11A9D22EC00322808 /* Info.plist */ = {isa = PBXFileReference; lastKnownFileType = text.plist.xml; path = Info.plist; sourceTree = "<group>"; };
		4B0CDFD21A9D22EC00322808 /* sanatraTests.m */ = {isa = PBXFileReference; lastKnownFileType = sourcecode.c.objc; path = sanatraTests.m; sourceTree = "<group>"; };
		4B0CDFDC1A9D24A000322808 /* WebKit.framework */ = {isa = PBXFileReference; lastKnownFileType = wrapper.framework; name = WebKit.framework; path = System/Library/Frameworks/WebKit.framework; sourceTree = SDKROOT; };
		4B22A7EB1A9D38FE00E410DA /* sanatra.entitlements */ = {isa = PBXFileReference; lastKnownFileType = text.xml; path = sanatra.entitlements; sourceTree = "<group>"; };
/* End PBXFileReference section */

/* Begin PBXFrameworksBuildPhase section */
		4B0CDFB31A9D22EB00322808 /* Frameworks */ = {
			isa = PBXFrameworksBuildPhase;
			buildActionMask = 2147483647;
			files = (
				4B0CDFDD1A9D24A000322808 /* WebKit.framework in Frameworks */,
			);
			runOnlyForDeploymentPostprocessing = 0;
		};
		4B0CDFC91A9D22EC00322808 /* Frameworks */ = {
			isa = PBXFrameworksBuildPhase;
			buildActionMask = 2147483647;
			files = (
			);
			runOnlyForDeploymentPostprocessing = 0;
		};
/* End PBXFrameworksBuildPhase section */

/* Begin PBXGroup section */
		4B0CDFAD1A9D22EB00322808 = {
			isa = PBXGroup;
			children = (
				4B0CDFDC1A9D24A000322808 /* WebKit.framework */,
				4B0CDFB81A9D22EC00322808 /* sanatra */,
				4B0CDFCF1A9D22EC00322808 /* sanatraTests */,
				4B0CDFB71A9D22EC00322808 /* Products */,
			);
			sourceTree = "<group>";
		};
		4B0CDFB71A9D22EC00322808 /* Products */ = {
			isa = PBXGroup;
			children = (
				4B0CDFB61A9D22EC00322808 /* sanatra.app */,
				4B0CDFCC1A9D22EC00322808 /* sanatraTests.xctest */,
			);
			name = Products;
			sourceTree = "<group>";
		};
		4B0CDFB81A9D22EC00322808 /* sanatra */ = {
			isa = PBXGroup;
			children = (
				4B22A7EB1A9D38FE00E410DA /* sanatra.entitlements */,
				4B0CDFBB1A9D22EC00322808 /* AppDelegate.h */,
				4B0CDFBC1A9D22EC00322808 /* AppDelegate.m */,
				4B0CDFC01A9D22EC00322808 /* ViewController.h */,
				4B0CDFC11A9D22EC00322808 /* ViewController.m */,
				4B0CDFC31A9D22EC00322808 /* Images.xcassets */,
				4B0CDFC51A9D22EC00322808 /* Main.storyboard */,
				4B0CDFB91A9D22EC00322808 /* Supporting Files */,
			);
			path = sanatra;
			sourceTree = "<group>";
		};
		4B0CDFB91A9D22EC00322808 /* Supporting Files */ = {
			isa = PBXGroup;
			children = (
				4B0CDFBA1A9D22EC00322808 /* Info.plist */,
				4B0CDFBE1A9D22EC00322808 /* main.m */,
			);
			name = "Supporting Files";
			sourceTree = "<group>";
		};
		4B0CDFCF1A9D22EC00322808 /* sanatraTests */ = {
			isa = PBXGroup;
			children = (
				4B0CDFD21A9D22EC00322808 /* sanatraTests.m */,
				4B0CDFD01A9D22EC00322808 /* Supporting Files */,
			);
			path = sanatraTests;
			sourceTree = "<group>";
		};
		4B0CDFD01A9D22EC00322808 /* Supporting Files */ = {
			isa = PBXGroup;
			children = (
				4B0CDFD11A9D22EC00322808 /* Info.plist */,
			);
			name = "Supporting Files";
			sourceTree = "<group>";
		};
/* End PBXGroup section */

/* Begin PBXNativeTarget section */
		4B0CDFB51A9D22EB00322808 /* sanatra */ = {
			isa = PBXNativeTarget;
			buildConfigurationList = 4B0CDFD61A9D22EC00322808 /* Build configuration list for PBXNativeTarget "sanatra" */;
			buildPhases = (
				4B0CDFB21A9D22EB00322808 /* Sources */,
				4B0CDFB31A9D22EB00322808 /* Frameworks */,
				4B0CDFB41A9D22EB00322808 /* Resources */,
			);
			buildRules = (
			);
			dependencies = (
			);
			name = sanatra;
			productName = sanatra;
			productReference = 4B0CDFB61A9D22EC00322808 /* sanatra.app */;
			productType = "com.apple.product-type.application";
		};
		4B0CDFCB1A9D22EC00322808 /* sanatraTests */ = {
			isa = PBXNativeTarget;
			buildConfigurationList = 4B0CDFD91A9D22EC00322808 /* Build configuration list for PBXNativeTarget "sanatraTests" */;
			buildPhases = (
				4B0CDFC81A9D22EC00322808 /* Sources */,
				4B0CDFC91A9D22EC00322808 /* Frameworks */,
				4B0CDFCA1A9D22EC00322808 /* Resources */,
			);
			buildRules = (
			);
			dependencies = (
				4B0CDFCE1A9D22EC00322808 /* PBXTargetDependency */,
			);
			name = sanatraTests;
			productName = sanatraTests;
			productReference = 4B0CDFCC1A9D22EC00322808 /* sanatraTests.xctest */;
			productType = "com.apple.product-type.bundle.unit-test";
		};
/* End PBXNativeTarget section */

/* Begin PBXProject section */
		4B0CDFAE1A9D22EB00322808 /* Project object */ = {
			isa = PBXProject;
			attributes = {
				LastUpgradeCheck = 0610;
				ORGANIZATIONNAME = "Jonathan Wong";
				TargetAttributes = {
					4B0CDFB51A9D22EB00322808 = {
						CreatedOnToolsVersion = 6.1.1;
						SystemCapabilities = {
							com.apple.Sandbox = {
								enabled = 1;
							};
						};
					};
					4B0CDFCB1A9D22EC00322808 = {
						CreatedOnToolsVersion = 6.1.1;
						TestTargetID = 4B0CDFB51A9D22EB00322808;
					};
				};
			};
			buildConfigurationList = 4B0CDFB11A9D22EB00322808 /* Build configuration list for PBXProject "sanatra" */;
			compatibilityVersion = "Xcode 3.2";
			developmentRegion = English;
			hasScannedForEncodings = 0;
			knownRegions = (
				en,
				Base,
			);
			mainGroup = 4B0CDFAD1A9D22EB00322808;
			productRefGroup = 4B0CDFB71A9D22EC00322808 /* Products */;
			projectDirPath = "";
			projectRoot = "";
			targets = (
				4B0CDFB51A9D22EB00322808 /* sanatra */,
				4B0CDFCB1A9D22EC00322808 /* sanatraTests */,
			);
		};
/* End PBXProject section */

/* Begin PBXResourcesBuildPhase section */
		4B0CDFB41A9D22EB00322808 /* Resources */ = {
			isa = PBXResourcesBuildPhase;
			buildActionMask = 2147483647;
			files = (
				4B0CDFC41A9D22EC00322808 /* Images.xcassets in Resources */,
				4B0CDFC71A9D22EC00322808 /* Main.storyboard in Resources */,
			);
			runOnlyForDeploymentPostprocessing = 0;
		};
		4B0CDFCA1A9D22EC00322808 /* Resources */ = {
			isa = PBXResourcesBuildPhase;
			buildActionMask = 2147483647;
			files = (
			);
			runOnlyForDeploymentPostprocessing = 0;
		};
/* End PBXResourcesBuildPhase section */

/* Begin PBXSourcesBuildPhase section */
		4B0CDFB21A9D22EB00322808 /* Sources */ = {
			isa = PBXSourcesBuildPhase;
			buildActionMask = 2147483647;
			files = (
				4B0CDFC21A9D22EC00322808 /* ViewController.m in Sources */,
				4B0CDFBF1A9D22EC00322808 /* main.m in Sources */,
				4B0CDFBD1A9D22EC00322808 /* AppDelegate.m in Sources */,
			);
			runOnlyForDeploymentPostprocessing = 0;
		};
		4B0CDFC81A9D22EC00322808 /* Sources */ = {
			isa = PBXSourcesBuildPhase;
			buildActionMask = 2147483647;
			files = (
				4B0CDFD31A9D22EC00322808 /* sanatraTests.m in Sources */,
			);
			runOnlyForDeploymentPostprocessing = 0;
		};
/* End PBXSourcesBuildPhase section */

/* Begin PBXTargetDependency section */
		4B0CDFCE1A9D22EC00322808 /* PBXTargetDependency */ = {
			isa = PBXTargetDependency;
			target = 4B0CDFB51A9D22EB00322808 /* sanatra */;
			targetProxy = 4B0CDFCD1A9D22EC00322808 /* PBXContainerItemProxy */;
		};
/* End PBXTargetDependency section */

/* Begin PBXVariantGroup section */
		4B0CDFC51A9D22EC00322808 /* Main.storyboard */ = {
			isa = PBXVariantGroup;
			children = (
				4B0CDFC61A9D22EC00322808 /* Base */,
			);
			name = Main.storyboard;
			sourceTree = "<group>";
		};
/* End PBXVariantGroup section */

/* Begin XCBuildConfiguration section */
		4B0CDFD41A9D22EC00322808 /* Debug */ = {
			isa = XCBuildConfiguration;
			buildSettings = {
				ALWAYS_SEARCH_USER_PATHS = NO;
				CLANG_CXX_LANGUAGE_STANDARD = "gnu++0x";
				CLANG_CXX_LIBRARY = "libc++";
				CLANG_ENABLE_MODULES = YES;
				CLANG_ENABLE_OBJC_ARC = YES;
				CLANG_WARN_BOOL_CONVERSION = YES;
				CLANG_WARN_CONSTANT_CONVERSION = YES;
				CLANG_WARN_DIRECT_OBJC_ISA_USAGE = YES_ERROR;
				CLANG_WARN_EMPTY_BODY = YES;
				CLANG_WARN_ENUM_CONVERSION = YES;
				CLANG_WARN_INT_CONVERSION = YES;
				CLANG_WARN_OBJC_ROOT_CLASS = YES_ERROR;
				CLANG_WARN_UNREACHABLE_CODE = YES;
				CLANG_WARN__DUPLICATE_METHOD_MATCH = YES;
				CODE_SIGN_IDENTITY = "-";
				COPY_PHASE_STRIP = NO;
				ENABLE_STRICT_OBJC_MSGSEND = YES;
				GCC_C_LANGUAGE_STANDARD = gnu99;
				GCC_DYNAMIC_NO_PIC = NO;
				GCC_OPTIMIZATION_LEVEL = 0;
				GCC_PREPROCESSOR_DEFINITIONS = (
					"DEBUG=1",
					"$(inherited)",
				);
				GCC_SYMBOLS_PRIVATE_EXTERN = NO;
				GCC_WARN_64_TO_32_BIT_CONVERSION = YES;
				GCC_WARN_ABOUT_RETURN_TYPE = YES_ERROR;
				GCC_WARN_UNDECLARED_SELECTOR = YES;
				GCC_WARN_UNINITIALIZED_AUTOS = YES_AGGRESSIVE;
				GCC_WARN_UNUSED_FUNCTION = YES;
				GCC_WARN_UNUSED_VARIABLE = YES;
				MACOSX_DEPLOYMENT_TARGET = 10.10;
				MTL_ENABLE_DEBUG_INFO = YES;
				ONLY_ACTIVE_ARCH = YES;
				SDKROOT = macosx;
			};
			name = Debug;
		};
		4B0CDFD51A9D22EC00322808 /* Release */ = {
			isa = XCBuildConfiguration;
			buildSettings = {
				ALWAYS_SEARCH_USER_PATHS = NO;
				CLANG_CXX_LANGUAGE_STANDARD = "gnu++0x";
				CLANG_CXX_LIBRARY = "libc++";
				CLANG_ENABLE_MODULES = YES;
				CLANG_ENABLE_OBJC_ARC = YES;
				CLANG_WARN_BOOL_CONVERSION = YES;
				CLANG_WARN_CONSTANT_CONVERSION = YES;
				CLANG_WARN_DIRECT_OBJC_ISA_USAGE = YES_ERROR;
				CLANG_WARN_EMPTY_BODY = YES;
				CLANG_WARN_ENUM_CONVERSION = YES;
				CLANG_WARN_INT_CONVERSION = YES;
				CLANG_WARN_OBJC_ROOT_CLASS = YES_ERROR;
				CLANG_WARN_UNREACHABLE_CODE = YES;
				CLANG_WARN__DUPLICATE_METHOD_MATCH = YES;
				CODE_SIGN_IDENTITY = "-";
				COPY_PHASE_STRIP = YES;
				DEBUG_INFORMATION_FORMAT = "dwarf-with-dsym";
				ENABLE_NS_ASSERTIONS = NO;
				ENABLE_STRICT_OBJC_MSGSEND = YES;
				GCC_C_LANGUAGE_STANDARD = gnu99;
				GCC_WARN_64_TO_32_BIT_CONVERSION = YES;
				GCC_WARN_ABOUT_RETURN_TYPE = YES_ERROR;
				GCC_WARN_UNDECLARED_SELECTOR = YES;
				GCC_WARN_UNINITIALIZED_AUTOS = YES_AGGRESSIVE;
				GCC_WARN_UNUSED_FUNCTION = YES;
				GCC_WARN_UNUSED_VARIABLE = YES;
				MACOSX_DEPLOYMENT_TARGET = 10.10;
				MTL_ENABLE_DEBUG_INFO = NO;
				SDKROOT = macosx;
			};
			name = Release;
		};
		4B0CDFD71A9D22EC00322808 /* Debug */ = {
			isa = XCBuildConfiguration;
			buildSettings = {
				ASSETCATALOG_COMPILER_APPICON_NAME = AppIcon;
				CODE_SIGN_ENTITLEMENTS = sanatra/sanatra.entitlements;
				COMBINE_HIDPI_IMAGES = YES;
				INFOPLIST_FILE = sanatra/Info.plist;
				LD_RUNPATH_SEARCH_PATHS = "$(inherited) @executable_path/../Frameworks";
				PRODUCT_NAME = "$(TARGET_NAME)";
			};
			name = Debug;
		};
		4B0CDFD81A9D22EC00322808 /* Release */ = {
			isa = XCBuildConfiguration;
			buildSettings = {
				ASSETCATALOG_COMPILER_APPICON_NAME = AppIcon;
				CODE_SIGN_ENTITLEMENTS = sanatra/sanatra.entitlements;
				COMBINE_HIDPI_IMAGES = YES;
				INFOPLIST_FILE = sanatra/Info.plist;
				LD_RUNPATH_SEARCH_PATHS = "$(inherited) @executable_path/../Frameworks";
				PRODUCT_NAME = "$(TARGET_NAME)";
			};
			name = Release;
		};
		4B0CDFDA1A9D22EC00322808 /* Debug */ = {
			isa = XCBuildConfiguration;
			buildSettings = {
				BUNDLE_LOADER = "$(TEST_HOST)";
				COMBINE_HIDPI_IMAGES = YES;
				FRAMEWORK_SEARCH_PATHS = (
					"$(DEVELOPER_FRAMEWORKS_DIR)",
					"$(inherited)",
				);
				GCC_PREPROCESSOR_DEFINITIONS = (
					"DEBUG=1",
					"$(inherited)",
				);
				INFOPLIST_FILE = sanatraTests/Info.plist;
				LD_RUNPATH_SEARCH_PATHS = "$(inherited) @executable_path/../Frameworks @loader_path/../Frameworks";
				PRODUCT_NAME = "$(TARGET_NAME)";
				TEST_HOST = "$(BUILT_PRODUCTS_DIR)/sanatra.app/Contents/MacOS/sanatra";
			};
			name = Debug;
		};
		4B0CDFDB1A9D22EC00322808 /* Release */ = {
			isa = XCBuildConfiguration;
			buildSettings = {
				BUNDLE_LOADER = "$(TEST_HOST)";
				COMBINE_HIDPI_IMAGES = YES;
				FRAMEWORK_SEARCH_PATHS = (
					"$(DEVELOPER_FRAMEWORKS_DIR)",
					"$(inherited)",
				);
				INFOPLIST_FILE = sanatraTests/Info.plist;
				LD_RUNPATH_SEARCH_PATHS = "$(inherited) @executable_path/../Frameworks @loader_path/../Frameworks";
				PRODUCT_NAME = "$(TARGET_NAME)";
				TEST_HOST = "$(BUILT_PRODUCTS_DIR)/sanatra.app/Contents/MacOS/sanatra";
			};
			name = Release;
		};
/* End XCBuildConfiguration section */

/* Begin XCConfigurationList section */
		4B0CDFB11A9D22EB00322808 /* Build configuration list for PBXProject "sanatra" */ = {
			isa = XCConfigurationList;
			buildConfigurations = (
				4B0CDFD41A9D22EC00322808 /* Debug */,
				4B0CDFD51A9D22EC00322808 /* Release */,
			);
			defaultConfigurationIsVisible = 0;
			defaultConfigurationName = Release;
		};
		4B0CDFD61A9D22EC00322808 /* Build configuration list for PBXNativeTarget "sanatra" */ = {
			isa = XCConfigurationList;
			buildConfigurations = (
				4B0CDFD71A9D22EC00322808 /* Debug */,
				4B0CDFD81A9D22EC00322808 /* Release */,
			);
			defaultConfigurationIsVisible = 0;
			defaultConfigurationName = Release;
		};
		4B0CDFD91A9D22EC00322808 /* Build configuration list for PBXNativeTarget "sanatraTests" */ = {
			isa = XCConfigurationList;
			buildConfigurations = (
				4B0CDFDA1A9D22EC00322808 /* Debug */,
				4B0CDFDB1A9D22EC00322808 /* Release */,
			);
			defaultConfigurationIsVisible = 0;
			defaultConfigurationName = Release;
		};
/* End XCConfigurationList section */
	};
	rootObject = 4B0CDFAE1A9D22EB00322808 /* Project object */;
}
